
Microsoft Visual Studio Solution File, Format Version 12.00
# Visual Studio Version 16
VisualStudioVersion = 16.0.31424.327
MinimumVisualStudioVersion = 10.0.40219.1
Project("{8BC9CEB8-8B4A-11D0-8D11-00A0C91BC942}") = "Problem 1", "Problem 1\Problem 1.vcxproj", "{309734DF-4E00-4F10-B58E-1CDE246C8D02}"
EndProject
Project("{8BC9CEB8-8B4A-11D0-8D11-00A0C91BC942}") = "Problem 3", "Problem 3\Problem 3.vcxproj", "{E7C17293-75C2-42C1-AD58-BB65E6FD1E2A}"
EndProject
Project("{8BC9CEB8-8B4A-11D0-8D11-00A0C91BC942}") = "Problem 4", "Problem 4\Problem 4.vcxproj", "{A118E55E-7B57-46B6-B9CC-C2FDDFD0100C}"
EndProject
Project("{8BC9CEB8-8B4A-11D0-8D11-00A0C91BC942}") = "Problem 2", "Problem 2\Problem 2.vcxproj", "{3818183F-B7AA-4202-BD15-A9E97810609F}"
EndProject
Project("{8BC9CEB8-8B4A-11D0-8D11-00A0C91BC942}") = "Problem 5", "Problem 5\Problem 5.vcxproj", "{7CFC6594-00E1-4C10-A121-6A4F665E8970}"
EndProject
Project("{8BC9CEB8-8B4A-11D0-8D11-00A0C91BC942}") = "Problem 6", "Problem 6\Problem 6.vcxproj", "{619BD9E1-1ADE-4FF4-961E-5E89E9A215E5}"
EndProject
Project("{8BC9CEB8-8B4A-11D0-8D11-00A0C91BC942}") = "Problem 7", "Problem 7\Problem 7.vcxproj", "{E718118D-D78A-4B9F-972F-C9728D84FADD}"
EndProject
Project("{8BC9CEB8-8B4A-11D0-8D11-00A0C91BC942}") = "Problem 8", "Problem 8\Problem 8.vcxproj", "{B934D871-FBE9-4C19-A7C3-484C47D9B980}"
EndProject
Project("{8BC9CEB8-8B4A-11D0-8D11-00A0C91BC942}") = "Problem 9", "Problem 9\Problem 9.vcxproj", "{964D134C-771E-4CCD-AF1A-395ADB9D1A10}"
EndProject
Project("{8BC9CEB8-8B4A-11D0-8D11-00A0C91BC942}") = "Problem 10", "Problem 10\Problem 10.vcxproj", "{F2AAE78E-FD99-4FD0-A121-7D329E8098EA}"
EndProject
Global
	GlobalSection(SolutionConfigurationPlatforms) = preSolution
		Debug|x64 = Debug|x64
		Debug|x86 = Debug|x86
		Release|x64 = Release|x64
		Release|x86 = Release|x86
	EndGlobalSection
	GlobalSection(ProjectConfigurationPlatforms) = postSolution
		{309734DF-4E00-4F10-B58E-1CDE246C8D02}.Debug|x64.ActiveCfg = Debug|x64
		{309734DF-4E00-4F10-B58E-1CDE246C8D02}.Debug|x64.Build.0 = Debug|x64
		{309734DF-4E00-4F10-B58E-1CDE246C8D02}.Debug|x86.ActiveCfg = Debug|Win32
		{309734DF-4E00-4F10-B58E-1CDE246C8D02}.Debug|x86.Build.0 = Debug|Win32
		{309734DF-4E00-4F10-B58E-1CDE246C8D02}.Release|x64.ActiveCfg = Release|x64
		{309734DF-4E00-4F10-B58E-1CDE246C8D02}.Release|x64.Build.0 = Release|x64
		{309734DF-4E00-4F10-B58E-1CDE246C8D02}.Release|x86.ActiveCfg = Release|Win32
		{309734DF-4E00-4F10-B58E-1CDE246C8D02}.Release|x86.Build.0 = Release|Win32
		{E7C17293-75C2-42C1-AD58-BB65E6FD1E2A}.Debug|x64.ActiveCfg = Debug|x64
		{E7C17293-75C2-42C1-AD58-BB65E6FD1E2A}.Debug|x64.Build.0 = Debug|x64
		{E7C17293-75C2-42C1-AD58-BB65E6FD1E2A}.Debug|x86.ActiveCfg = Debug|Win32
		{E7C17293-75C2-42C1-AD58-BB65E6FD1E2A}.Debug|x86.Build.0 = Debug|Win32
		{E7C17293-75C2-42C1-AD58-BB65E6FD1E2A}.Release|x64.ActiveCfg = Release|x64
		{E7C17293-75C2-42C1-AD58-BB65E6FD1E2A}.Release|x64.Build.0 = Release|x64
		{E7C17293-75C2-42C1-AD58-BB65E6FD1E2A}.Release|x86.ActiveCfg = Release|Win32
		{E7C17293-75C2-42C1-AD58-BB65E6FD1E2A}.Release|x86.Build.0 = Release|Win32
		{A118E55E-7B57-46B6-B9CC-C2FDDFD0100C}.Debug|x64.ActiveCfg = Debug|x64
		{A118E55E-7B57-46B6-B9CC-C2FDDFD0100C}.Debug|x64.Build.0 = Debug|x64
		{A118E55E-7B57-46B6-B9CC-C2FDDFD0100C}.Debug|x86.ActiveCfg = Debug|Win32
		{A118E55E-7B57-46B6-B9CC-C2FDDFD0100C}.Debug|x86.Build.0 = Debug|Win32
		{A118E55E-7B57-46B6-B9CC-C2FDDFD0100C}.Release|x64.ActiveCfg = Release|x64
		{A118E55E-7B57-46B6-B9CC-C2FDDFD0100C}.Release|x64.Build.0 = Release|x64
		{A118E55E-7B57-46B6-B9CC-C2FDDFD0100C}.Release|x86.ActiveCfg = Release|Win32
		{A118E55E-7B57-46B6-B9CC-C2FDDFD0100C}.Release|x86.Build.0 = Release|Win32
		{3818183F-B7AA-4202-BD15-A9E97810609F}.Debug|x64.ActiveCfg = Debug|x64
		{3818183F-B7AA-4202-BD15-A9E97810609F}.Debug|x64.Build.0 = Debug|x64
		{3818183F-B7AA-4202-BD15-A9E97810609F}.Debug|x86.ActiveCfg = Debug|Win32
		{3818183F-B7AA-4202-BD15-A9E97810609F}.Debug|x86.Build.0 = Debug|Win32
		{3818183F-B7AA-4202-BD15-A9E97810609F}.Release|x64.ActiveCfg = Release|x64
		{3818183F-B7AA-4202-BD15-A9E97810609F}.Release|x64.Build.0 = Release|x64
		{3818183F-B7AA-4202-BD15-A9E97810609F}.Release|x86.ActiveCfg = Release|Win32
		{3818183F-B7AA-4202-BD15-A9E97810609F}.Release|x86.Build.0 = Release|Win32
		{7CFC6594-00E1-4C10-A121-6A4F665E8970}.Debug|x64.ActiveCfg = Debug|x64
		{7CFC6594-00E1-4C10-A121-6A4F665E8970}.Debug|x64.Build.0 = Debug|x64
		{7CFC6594-00E1-4C10-A121-6A4F665E8970}.Debug|x86.ActiveCfg = Debug|Win32
		{7CFC6594-00E1-4C10-A121-6A4F665E8970}.Debug|x86.Build.0 = Debug|Win32
		{7CFC6594-00E1-4C10-A121-6A4F665E8970}.Release|x64.ActiveCfg = Release|x64
		{7CFC6594-00E1-4C10-A121-6A4F665E8970}.Release|x64.Build.0 = Release|x64
		{7CFC6594-00E1-4C10-A121-6A4F665E8970}.Release|x86.ActiveCfg = Release|Win32
		{7CFC6594-00E1-4C10-A121-6A4F665E8970}.Release|x86.Build.0 = Release|Win32
		{619BD9E1-1ADE-4FF4-961E-5E89E9A215E5}.Debug|x64.ActiveCfg = Debug|x64
		{619BD9E1-1ADE-4FF4-961E-5E89E9A215E5}.Debug|x64.Build.0 = Debug|x64
		{619BD9E1-1ADE-4FF4-961E-5E89E9A215E5}.Debug|x86.ActiveCfg = Debug|Win32
		{619BD9E1-1ADE-4FF4-961E-5E89E9A215E5}.Debug|x86.Build.0 = Debug|Win32
		{619BD9E1-1ADE-4FF4-961E-5E89E9A215E5}.Release|x64.ActiveCfg = Release|x64
		{619BD9E1-1ADE-4FF4-961E-5E89E9A215E5}.Release|x64.Build.0 = Release|x64
		{619BD9E1-1ADE-4FF4-961E-5E89E9A215E5}.Release|x86.ActiveCfg = Release|Win32
		{619BD9E1-1ADE-4FF4-961E-5E89E9A215E5}.Release|x86.Build.0 = Release|Win32
		{E718118D-D78A-4B9F-972F-C9728D84FADD}.Debug|x64.ActiveCfg = Debug|x64
		{E718118D-D78A-4B9F-972F-C9728D84FADD}.Debug|x64.Build.0 = Debug|x64
		{E718118D-D78A-4B9F-972F-C9728D84FADD}.Debug|x86.ActiveCfg = Debug|Win32
		{E718118D-D78A-4B9F-972F-C9728D84FADD}.Debug|x86.Build.0 = Debug|Win32
		{E718118D-D78A-4B9F-972F-C9728D84FADD}.Release|x64.ActiveCfg = Release|x64
		{E718118D-D78A-4B9F-972F-C9728D84FADD}.Release|x64.Build.0 = Release|x64
		{E718118D-D78A-4B9F-972F-C9728D84FADD}.Release|x86.ActiveCfg = Release|Win32
		{E718118D-D78A-4B9F-972F-C9728D84FADD}.Release|x86.Build.0 = Release|Win32
		{B934D871-FBE9-4C19-A7C3-484C47D9B980}.Debug|x64.ActiveCfg = Debug|x64
		{B934D871-FBE9-4C19-A7C3-484C47D9B980}.Debug|x64.Build.0 = Debug|x64
		{B934D871-FBE9-4C19-A7C3-484C47D9B980}.Debug|x86.ActiveCfg = Debug|Win32
		{B934D871-FBE9-4C19-A7C3-484C47D9B980}.Debug|x86.Build.0 = Debug|Win32
		{B934D871-FBE9-4C19-A7C3-484C47D9B980}.Release|x64.ActiveCfg = Release|x64
		{B934D871-FBE9-4C19-A7C3-484C47D9B980}.Release|x64.Build.0 = Release|x64
		{B934D871-FBE9-4C19-A7C3-484C47D9B980}.Release|x86.ActiveCfg = Release|Win32
		{B934D871-FBE9-4C19-A7C3-484C47D9B980}.Release|x86.Build.0 = Release|Win32
		{964D134C-771E-4CCD-AF1A-395ADB9D1A10}.Debug|x64.ActiveCfg = Debug|x64
		{964D134C-771E-4CCD-AF1A-395ADB9D1A10}.Debug|x64.Build.0 = Debug|x64
		{964D134C-771E-4CCD-AF1A-395ADB9D1A10}.Debug|x86.ActiveCfg = Debug|Win32
		{964D134C-771E-4CCD-AF1A-395ADB9D1A10}.Debug|x86.Build.0 = Debug|Win32
		{964D134C-771E-4CCD-AF1A-395ADB9D1A10}.Release|x64.ActiveCfg = Release|x64
		{964D134C-771E-4CCD-AF1A-395ADB9D1A10}.Release|x64.Build.0 = Release|x64
		{964D134C-771E-4CCD-AF1A-395ADB9D1A10}.Release|x86.ActiveCfg = Release|Win32
		{964D134C-771E-4CCD-AF1A-395ADB9D1A10}.Release|x86.Build.0 = Release|Win32
		{F2AAE78E-FD99-4FD0-A121-7D329E8098EA}.Debug|x64.ActiveCfg = Debug|x64
		{F2AAE78E-FD99-4FD0-A121-7D329E8098EA}.Debug|x64.Build.0 = Debug|x64
		{F2AAE78E-FD99-4FD0-A121-7D329E8098EA}.Debug|x86.ActiveCfg = Debug|Win32
		{F2AAE78E-FD99-4FD0-A121-7D329E8098EA}.Debug|x86.Build.0 = Debug|Win32
		{F2AAE78E-FD99-4FD0-A121-7D329E8098EA}.Release|x64.ActiveCfg = Release|x64
		{F2AAE78E-FD99-4FD0-A121-7D329E8098EA}.Release|x64.Build.0 = Release|x64
		{F2AAE78E-FD99-4FD0-A121-7D329E8098EA}.Release|x86.ActiveCfg = Release|Win32
		{F2AAE78E-FD99-4FD0-A121-7D329E8098EA}.Release|x86.Build.0 = Release|Win32
	EndGlobalSection
	GlobalSection(SolutionProperties) = preSolution
		HideSolutionNode = FALSE
	EndGlobalSection
	GlobalSection(ExtensibilityGlobals) = postSolution
		SolutionGuid = {BA283F13-E635-437B-8544-EE81FFCFF9BD}
	EndGlobalSection
EndGlobal
